// !$*UTF8*$!
{
	archiveVersion = 1;
	classes = {
	};
	objectVersion = 46;
	objects = {

/* Begin PBXBuildFile section */
		2DA7F4841C18586D00EECB36 /* DTCoreText-develop in Resources */ = {isa = PBXBuildFile; fileRef = 2DA7F4811C18586D00EECB36 /* DTCoreText-develop */; };
		2DA7F4851C18586D00EECB36 /* M80AttributedLabel-master.zip in Resources */ = {isa = PBXBuildFile; fileRef = 2DA7F4821C18586D00EECB36 /* M80AttributedLabel-master.zip */; };
		2DA7F4861C18586D00EECB36 /* nimbus-master in Resources */ = {isa = PBXBuildFile; fileRef = 2DA7F4831C18586D00EECB36 /* nimbus-master */; };
		2DEC2FBD1C171E5E00379C60 /* RTLabel-master in Resources */ = {isa = PBXBuildFile; fileRef = 2DEC2FBB1C171E5E00379C60 /* RTLabel-master */; };
		2DEC2FBE1C171E5E00379C60 /* TTTAttributedLabel-master in Resources */ = {isa = PBXBuildFile; fileRef = 2DEC2FBC1C171E5E00379C60 /* TTTAttributedLabel-master */; };
		2DF4FB4D1C0F255D0082C5C4 /* CircularScrollInertia-master in Resources */ = {isa = PBXBuildFile; fileRef = 2DF4FB4C1C0F255D0082C5C4 /* CircularScrollInertia-master */; };
		AFD65C491C0F0B3E009C1EEC /* main.m in Sources */ = {isa = PBXBuildFile; fileRef = AFD65C481C0F0B3E009C1EEC /* main.m */; };
		AFD65C4C1C0F0B3E009C1EEC /* AppDelegate.m in Sources */ = {isa = PBXBuildFile; fileRef = AFD65C4B1C0F0B3E009C1EEC /* AppDelegate.m */; };
		AFD65C4F1C0F0B3E009C1EEC /* ViewController.m in Sources */ = {isa = PBXBuildFile; fileRef = AFD65C4E1C0F0B3E009C1EEC /* ViewController.m */; };
		AFD65C521C0F0B3E009C1EEC /* Main.storyboard in Resources */ = {isa = PBXBuildFile; fileRef = AFD65C501C0F0B3E009C1EEC /* Main.storyboard */; };
		AFD65C541C0F0B3E009C1EEC /* Assets.xcassets in Resources */ = {isa = PBXBuildFile; fileRef = AFD65C531C0F0B3E009C1EEC /* Assets.xcassets */; };
		AFD65C571C0F0B3E009C1EEC /* LaunchScreen.storyboard in Resources */ = {isa = PBXBuildFile; fileRef = AFD65C551C0F0B3E009C1EEC /* LaunchScreen.storyboard */; };
		AFD65C681C0F0BD9009C1EEC /* FLAnimatedImage-master in Resources */ = {isa = PBXBuildFile; fileRef = AFD65C5F1C0F0BD9009C1EEC /* FLAnimatedImage-master */; };
		AFD65C691C0F0BD9009C1EEC /* ImageGalleryView-master in Resources */ = {isa = PBXBuildFile; fileRef = AFD65C601C0F0BD9009C1EEC /* ImageGalleryView-master */; };
		AFD65C6A1C0F0BD9009C1EEC /* JKLLockScreenViewController-master in Resources */ = {isa = PBXBuildFile; fileRef = AFD65C611C0F0BD9009C1EEC /* JKLLockScreenViewController-master */; };
		AFD65C6B1C0F0BD9009C1EEC /* KMCGeigerCounter-master in Resources */ = {isa = PBXBuildFile; fileRef = AFD65C621C0F0BD9009C1EEC /* KMCGeigerCounter-master */; };
		AFD65C6C1C0F0BD9009C1EEC /* SDWebImage-master in Resources */ = {isa = PBXBuildFile; fileRef = AFD65C631C0F0BD9009C1EEC /* SDWebImage-master */; };
		AFD65C6D1C0F0BD9009C1EEC /* SlideMenuView-master in Resources */ = {isa = PBXBuildFile; fileRef = AFD65C641C0F0BD9009C1EEC /* SlideMenuView-master */; };
		AFD65C6E1C0F0BD9009C1EEC /* SVPullToRefresh-master in Resources */ = {isa = PBXBuildFile; fileRef = AFD65C651C0F0BD9009C1EEC /* SVPullToRefresh-master */; };
		AFD65C6F1C0F0BD9009C1EEC /* SwipeableCellView-master in Resources */ = {isa = PBXBuildFile; fileRef = AFD65C661C0F0BD9009C1EEC /* SwipeableCellView-master */; };
		AFD65C701C0F0BD9009C1EEC /* WechatShortVideo-master in Resources */ = {isa = PBXBuildFile; fileRef = AFD65C671C0F0BD9009C1EEC /* WechatShortVideo-master */; };
/* End PBXBuildFile section */

/* Begin PBXFileReference section */
		2DA7F4811C18586D00EECB36 /* DTCoreText-develop */ = {isa = PBXFileReference; lastKnownFileType = folder; path = "DTCoreText-develop"; sourceTree = "<group>"; };
		2DA7F4821C18586D00EECB36 /* M80AttributedLabel-master.zip */ = {isa = PBXFileReference; lastKnownFileType = archive.zip; path = "M80AttributedLabel-master.zip"; sourceTree = "<group>"; };
		2DA7F4831C18586D00EECB36 /* nimbus-master */ = {isa = PBXFileReference; lastKnownFileType = folder; path = "nimbus-master"; sourceTree = "<group>"; };
		2DEC2FBB1C171E5E00379C60 /* RTLabel-master */ = {isa = PBXFileReference; lastKnownFileType = folder; path = "RTLabel-master"; sourceTree = "<group>"; };
		2DEC2FBC1C171E5E00379C60 /* TTTAttributedLabel-master */ = {isa = PBXFileReference; lastKnownFileType = folder; path = "TTTAttributedLabel-master"; sourceTree = "<group>"; };
		2DF4FB4C1C0F255D0082C5C4 /* CircularScrollInertia-master */ = {isa = PBXFileReference; lastKnownFileType = folder; path = "CircularScrollInertia-master"; sourceTree = "<group>"; };
		AFD65C441C0F0B3E009C1EEC /* testdemo.app */ = {isa = PBXFileReference; explicitFileType = wrapper.application; includeInIndex = 0; path = testdemo.app; sourceTree = BUILT_PRODUCTS_DIR; };
		AFD65C481C0F0B3E009C1EEC /* main.m */ = {isa = PBXFileReference; lastKnownFileType = sourcecode.c.objc; path = main.m; sourceTree = "<group>"; };
		AFD65C4A1C0F0B3E009C1EEC /* AppDelegate.h */ = {isa = PBXFileReference; lastKnownFileType = sourcecode.c.h; path = AppDelegate.h; sourceTree = "<group>"; };
		AFD65C4B1C0F0B3E009C1EEC /* AppDelegate.m */ = {isa = PBXFileReference; lastKnownFileType = sourcecode.c.objc; path = AppDelegate.m; sourceTree = "<group>"; };
		AFD65C4D1C0F0B3E009C1EEC /* ViewController.h */ = {isa = PBXFileReference; lastKnownFileType = sourcecode.c.h; path = ViewController.h; sourceTree = "<group>"; };
		AFD65C4E1C0F0B3E009C1EEC /* ViewController.m */ = {isa = PBXFileReference; lastKnownFileType = sourcecode.c.objc; path = ViewController.m; sourceTree = "<group>"; };
		AFD65C511C0F0B3E009C1EEC /* Base */ = {isa = PBXFileReference; lastKnownFileType = file.storyboard; name = Base; path = Base.lproj/Main.storyboard; sourceTree = "<group>"; };
		AFD65C531C0F0B3E009C1EEC /* Assets.xcassets */ = {isa = PBXFileReference; lastKnownFileType = folder.assetcatalog; path = Assets.xcassets; sourceTree = "<group>"; };
		AFD65C561C0F0B3E009C1EEC /* Base */ = {isa = PBXFileReference; lastKnownFileType = file.storyboard; name = Base; path = Base.lproj/LaunchScreen.storyboard; sourceTree = "<group>"; };
		AFD65C581C0F0B3E009C1EEC /* Info.plist */ = {isa = PBXFileReference; lastKnownFileType = text.plist.xml; path = Info.plist; sourceTree = "<group>"; };
		AFD65C5F1C0F0BD9009C1EEC /* FLAnimatedImage-master */ = {isa = PBXFileReference; lastKnownFileType = folder; path = "FLAnimatedImage-master"; sourceTree = "<group>"; };
		AFD65C601C0F0BD9009C1EEC /* ImageGalleryView-master */ = {isa = PBXFileReference; lastKnownFileType = folder; path = "ImageGalleryView-master"; sourceTree = "<group>"; };
		AFD65C611C0F0BD9009C1EEC /* JKLLockScreenViewController-master */ = {isa = PBXFileReference; lastKnownFileType = folder; path = "JKLLockScreenViewController-master"; sourceTree = "<group>"; };
		AFD65C621C0F0BD9009C1EEC /* KMCGeigerCounter-master */ = {isa = PBXFileReference; lastKnownFileType = folder; path = "KMCGeigerCounter-master"; sourceTree = "<group>"; };
		AFD65C631C0F0BD9009C1EEC /* SDWebImage-master */ = {isa = PBXFileReference; lastKnownFileType = folder; path = "SDWebImage-master"; sourceTree = "<group>"; };
		AFD65C641C0F0BD9009C1EEC /* SlideMenuView-master */ = {isa = PBXFileReference; lastKnownFileType = folder; path = "SlideMenuView-master"; sourceTree = "<group>"; };
		AFD65C651C0F0BD9009C1EEC /* SVPullToRefresh-master */ = {isa = PBXFileReference; lastKnownFileType = folder; path = "SVPullToRefresh-master"; sourceTree = "<group>"; };
		AFD65C661C0F0BD9009C1EEC /* SwipeableCellView-master */ = {isa = PBXFileReference; lastKnownFileType = folder; path = "SwipeableCellView-master"; sourceTree = "<group>"; };
		AFD65C671C0F0BD9009C1EEC /* WechatShortVideo-master */ = {isa = PBXFileReference; lastKnownFileType = folder; path = "WechatShortVideo-master"; sourceTree = "<group>"; };
/* End PBXFileReference section */

/* Begin PBXFrameworksBuildPhase section */
		AFD65C411C0F0B3E009C1EEC /* Frameworks */ = {
			isa = PBXFrameworksBuildPhase;
			buildActionMask = 2147483647;
			files = (
			);
			runOnlyForDeploymentPostprocessing = 0;
		};
/* End PBXFrameworksBuildPhase section */

/* Begin PBXGroup section */
		AFD65C3B1C0F0B3E009C1EEC = {
			isa = PBXGroup;
			children = (
				AFD65C461C0F0B3E009C1EEC /* testdemo */,
				AFD65C451C0F0B3E009C1EEC /* Products */,
			);
			sourceTree = "<group>";
		};
		AFD65C451C0F0B3E009C1EEC /* Products */ = {
			isa = PBXGroup;
			children = (
				AFD65C441C0F0B3E009C1EEC /* testdemo.app */,
			);
			name = Products;
			sourceTree = "<group>";
		};
		AFD65C461C0F0B3E009C1EEC /* testdemo */ = {
			isa = PBXGroup;
			children = (
				AFD65C4A1C0F0B3E009C1EEC /* AppDelegate.h */,
				AFD65C4B1C0F0B3E009C1EEC /* AppDelegate.m */,
				AFD65C4D1C0F0B3E009C1EEC /* ViewController.h */,
				AFD65C4E1C0F0B3E009C1EEC /* ViewController.m */,
				AFD65C501C0F0B3E009C1EEC /* Main.storyboard */,
				AFD65C531C0F0B3E009C1EEC /* Assets.xcassets */,
				AFD65C551C0F0B3E009C1EEC /* LaunchScreen.storyboard */,
				AFD65C581C0F0B3E009C1EEC /* Info.plist */,
				AFD65C471C0F0B3E009C1EEC /* Supporting Files */,
			);
			path = testdemo;
			sourceTree = "<group>";
		};
		AFD65C471C0F0B3E009C1EEC /* Supporting Files */ = {
			isa = PBXGroup;
			children = (
				AFD65C5E1C0F0BC3009C1EEC /* demo */,
				AFD65C481C0F0B3E009C1EEC /* main.m */,
			);
			name = "Supporting Files";
			sourceTree = "<group>";
		};
		AFD65C5E1C0F0BC3009C1EEC /* demo */ = {
			isa = PBXGroup;
			children = (
				2DA7F4811C18586D00EECB36 /* DTCoreText-develop */,
				2DA7F4821C18586D00EECB36 /* M80AttributedLabel-master.zip */,
				2DA7F4831C18586D00EECB36 /* nimbus-master */,
				2DEC2FBB1C171E5E00379C60 /* RTLabel-master */,
				2DEC2FBC1C171E5E00379C60 /* TTTAttributedLabel-master */,
				2DF4FB4C1C0F255D0082C5C4 /* CircularScrollInertia-master */,
				AFD65C5F1C0F0BD9009C1EEC /* FLAnimatedImage-master */,
				AFD65C601C0F0BD9009C1EEC /* ImageGalleryView-master */,
				AFD65C611C0F0BD9009C1EEC /* JKLLockScreenViewController-master */,
				AFD65C621C0F0BD9009C1EEC /* KMCGeigerCounter-master */,
				AFD65C631C0F0BD9009C1EEC /* SDWebImage-master */,
				AFD65C641C0F0BD9009C1EEC /* SlideMenuView-master */,
				AFD65C651C0F0BD9009C1EEC /* SVPullToRefresh-master */,
				AFD65C661C0F0BD9009C1EEC /* SwipeableCellView-master */,
				AFD65C671C0F0BD9009C1EEC /* WechatShortVideo-master */,
			);
			name = demo;
			sourceTree = "<group>";
		};
/* End PBXGroup section */

/* Begin PBXNativeTarget section */
		AFD65C431C0F0B3E009C1EEC /* testdemo */ = {
			isa = PBXNativeTarget;
			buildConfigurationList = AFD65C5B1C0F0B3E009C1EEC /* Build configuration list for PBXNativeTarget "testdemo" */;
			buildPhases = (
				AFD65C401C0F0B3E009C1EEC /* Sources */,
				AFD65C411C0F0B3E009C1EEC /* Frameworks */,
				AFD65C421C0F0B3E009C1EEC /* Resources */,
			);
			buildRules = (
			);
			dependencies = (
			);
			name = testdemo;
			productName = testdemo;
			productReference = AFD65C441C0F0B3E009C1EEC /* testdemo.app */;
			productType = "com.apple.product-type.application";
		};
/* End PBXNativeTarget section */

/* Begin PBXProject section */
		AFD65C3C1C0F0B3E009C1EEC /* Project object */ = {
			isa = PBXProject;
			attributes = {
				LastUpgradeCheck = 0710;
				ORGANIZATIONNAME = zhangfuqiang;
				TargetAttributes = {
					AFD65C431C0F0B3E009C1EEC = {
						CreatedOnToolsVersion = 7.1.1;
						DevelopmentTeam = VA52J849F8;
					};
				};
			};
			buildConfigurationList = AFD65C3F1C0F0B3E009C1EEC /* Build configuration list for PBXProject "testdemo" */;
			compatibilityVersion = "Xcode 3.2";
			developmentRegion = English;
			hasScannedForEncodings = 0;
			knownRegions = (
				en,
				Base,
			);
			mainGroup = AFD65C3B1C0F0B3E009C1EEC;
			productRefGroup = AFD65C451C0F0B3E009C1EEC /* Products */;
			projectDirPath = "";
			projectRoot = "";
			targets = (
				AFD65C431C0F0B3E009C1EEC /* testdemo */,
			);
		};
/* End PBXProject section */

/* Begin PBXResourcesBuildPhase section */
		AFD65C421C0F0B3E009C1EEC /* Resources */ = {
			isa = PBXResourcesBuildPhase;
			buildActionMask = 2147483647;
			files = (
				2DA7F4851C18586D00EECB36 /* M80AttributedLabel-master.zip in Resources */,
				AFD65C571C0F0B3E009C1EEC /* LaunchScreen.storyboard in Resources */,
				AFD65C6F1C0F0BD9009C1EEC /* SwipeableCellView-master in Resources */,
				AFD65C691C0F0BD9009C1EEC /* ImageGalleryView-master in Resources */,
				AFD65C6C1C0F0BD9009C1EEC /* SDWebImage-master in Resources */,
				2DA7F4841C18586D00EECB36 /* DTCoreText-develop in Resources */,
				AFD65C6E1C0F0BD9009C1EEC /* SVPullToRefresh-master in Resources */,
				2DEC2FBD1C171E5E00379C60 /* RTLabel-master in Resources */,
				AFD65C6A1C0F0BD9009C1EEC /* JKLLockScreenViewController-master in Resources */,
				AFD65C541C0F0B3E009C1EEC /* Assets.xcassets in Resources */,
				2DA7F4861C18586D00EECB36 /* nimbus-master in Resources */,
				AFD65C6D1C0F0BD9009C1EEC /* SlideMenuView-master in Resources */,
				2DF4FB4D1C0F255D0082C5C4 /* CircularScrollInertia-master in Resources */,
				AFD65C521C0F0B3E009C1EEC /* Main.storyboard in Resources */,
				AFD65C681C0F0BD9009C1EEC /* FLAnimatedImage-master in Resources */,
				AFD65C6B1C0F0BD9009C1EEC /* KMCGeigerCounter-master in Resources */,
				AFD65C701C0F0BD9009C1EEC /* WechatShortVideo-master in Resources */,
				2DEC2FBE1C171E5E00379C60 /* TTTAttributedLabel-master in Resources */,
			);
			runOnlyForDeploymentPostprocessing = 0;
		};
/* End PBXResourcesBuildPhase section */

/* Begin PBXSourcesBuildPhase section */
		AFD65C401C0F0B3E009C1EEC /* Sources */ = {
			isa = PBXSourcesBuildPhase;
			buildActionMask = 2147483647;
			files = (
				AFD65C4F1C0F0B3E009C1EEC /* ViewController.m in Sources */,
				AFD65C4C1C0F0B3E009C1EEC /* AppDelegate.m in Sources */,
				AFD65C491C0F0B3E009C1EEC /* main.m in Sources */,
			);
			runOnlyForDeploymentPostprocessing = 0;
		};
/* End PBXSourcesBuildPhase section */

/* Begin PBXVariantGroup section */
		AFD65C501C0F0B3E009C1EEC /* Main.storyboard */ = {
			isa = PBXVariantGroup;
			children = (
				AFD65C511C0F0B3E009C1EEC /* Base */,
			);
			name = Main.storyboard;
			sourceTree = "<group>";
		};
		AFD65C551C0F0B3E009C1EEC /* LaunchScreen.storyboard */ = {
			isa = PBXVariantGroup;
			children = (
				AFD65C561C0F0B3E009C1EEC /* Base */,
			);
			name = LaunchScreen.storyboard;
			sourceTree = "<group>";
		};
/* End PBXVariantGroup section */

/* Begin XCBuildConfiguration section */
		AFD65C591C0F0B3E009C1EEC /* Debug */ = {
			isa = XCBuildConfiguration;
			buildSettings = {
				ALWAYS_SEARCH_USER_PATHS = NO;
				CLANG_CXX_LANGUAGE_STANDARD = "gnu++0x";
				CLANG_CXX_LIBRARY = "libc++";
				CLANG_ENABLE_MODULES = YES;
				CLANG_ENABLE_OBJC_ARC = YES;
				CLANG_WARN_BOOL_CONVERSION = YES;
				CLANG_WARN_CONSTANT_CONVERSION = YES;
				CLANG_WARN_DIRECT_OBJC_ISA_USAGE = YES_ERROR;
				CLANG_WARN_EMPTY_BODY = YES;
				CLANG_WARN_ENUM_CONVERSION = YES;
				CLANG_WARN_INT_CONVERSION = YES;
				CLANG_WARN_OBJC_ROOT_CLASS = YES_ERROR;
				CLANG_WARN_UNREACHABLE_CODE = YES;
				CLANG_WARN__DUPLICATE_METHOD_MATCH = YES;
				"CODE_SIGN_IDENTITY[sdk=iphoneos*]" = "iPhone Developer";
				COPY_PHASE_STRIP = NO;
				DEBUG_INFORMATION_FORMAT = dwarf;
				ENABLE_STRICT_OBJC_MSGSEND = YES;
				ENABLE_TESTABILITY = YES;
				GCC_C_LANGUAGE_STANDARD = gnu99;
				GCC_DYNAMIC_NO_PIC = NO;
				GCC_NO_COMMON_BLOCKS = YES;
				GCC_OPTIMIZATION_LEVEL = 0;
				GCC_PREPROCESSOR_DEFINITIONS = (
					"DEBUG=1",
					"$(inherited)",
				);
				GCC_WARN_64_TO_32_BIT_CONVERSION = YES;
				GCC_WARN_ABOUT_RETURN_TYPE = YES_ERROR;
				GCC_WARN_UNDECLARED_SELECTOR = YES;
				GCC_WARN_UNINITIALIZED_AUTOS = YES_AGGRESSIVE;
				GCC_WARN_UNUSED_FUNCTION = YES;
				GCC_WARN_UNUSED_VARIABLE = YES;
				IPHONEOS_DEPLOYMENT_TARGET = 9.1;
				MTL_ENABLE_DEBUG_INFO = YES;
				ONLY_ACTIVE_ARCH = YES;
				SDKROOT = iphoneos;
			};
			name = Debug;
		};
		AFD65C5A1C0F0B3E009C1EEC /* Release */ = {
			isa = XCBuildConfiguration;
			buildSettings = {
				ALWAYS_SEARCH_USER_PATHS = NO;
				CLANG_CXX_LANGUAGE_STANDARD = "gnu++0x";
				CLANG_CXX_LIBRARY = "libc++";
				CLANG_ENABLE_MODULES = YES;
				CLANG_ENABLE_OBJC_ARC = YES;
				CLANG_WARN_BOOL_CONVERSION = YES;
				CLANG_WARN_CONSTANT_CONVERSION = YES;
				CLANG_WARN_DIRECT_OBJC_ISA_USAGE = YES_ERROR;
				CLANG_WARN_EMPTY_BODY = YES;
				CLANG_WARN_ENUM_CONVERSION = YES;
				CLANG_WARN_INT_CONVERSION = YES;
				CLANG_WARN_OBJC_ROOT_CLASS = YES_ERROR;
				CLANG_WARN_UNREACHABLE_CODE = YES;
				CLANG_WARN__DUPLICATE_METHOD_MATCH = YES;
				"CODE_SIGN_IDENTITY[sdk=iphoneos*]" = "iPhone Developer";
				COPY_PHASE_STRIP = NO;
				DEBUG_INFORMATION_FORMAT = "dwarf-with-dsym";
				ENABLE_NS_ASSERTIONS = NO;
				ENABLE_STRICT_OBJC_MSGSEND = YES;
				GCC_C_LANGUAGE_STANDARD = gnu99;
				GCC_NO_COMMON_BLOCKS = YES;
				GCC_WARN_64_TO_32_BIT_CONVERSION = YES;
				GCC_WARN_ABOUT_RETURN_TYPE = YES_ERROR;
				GCC_WARN_UNDECLARED_SELECTOR = YES;
				GCC_WARN_UNINITIALIZED_AUTOS = YES_AGGRESSIVE;
				GCC_WARN_UNUSED_FUNCTION = YES;
				GCC_WARN_UNUSED_VARIABLE = YES;
				IPHONEOS_DEPLOYMENT_TARGET = 9.1;
				MTL_ENABLE_DEBUG_INFO = NO;
				SDKROOT = iphoneos;
				VALIDATE_PRODUCT = YES;
			};
			name = Release;
		};
		AFD65C5C1C0F0B3E009C1EEC /* Debug */ = {
			isa = XCBuildConfiguration;
			buildSettings = {
				ASSETCATALOG_COMPILER_APPICON_NAME = AppIcon;
				INFOPLIST_FILE = testdemo/Info.plist;
				LD_RUNPATH_SEARCH_PATHS = "$(inherited) @executable_path/Frameworks";
				PRODUCT_BUNDLE_IDENTIFIER = com.buqian.testdemo;
				PRODUCT_NAME = "$(TARGET_NAME)";
			};
			name = Debug;
		};
		AFD65C5D1C0F0B3E009C1EEC /* Release */ = {
			isa = XCBuildConfiguration;
			buildSettings = {
				ASSETCATALOG_COMPILER_APPICON_NAME = AppIcon;
				INFOPLIST_FILE = testdemo/Info.plist;
				LD_RUNPATH_SEARCH_PATHS = "$(inherited) @executable_path/Frameworks";
				PRODUCT_BUNDLE_IDENTIFIER = com.buqian.testdemo;
				PRODUCT_NAME = "$(TARGET_NAME)";
			};
			name = Release;
		};
/* End XCBuildConfiguration section */

/* Begin XCConfigurationList section */
		AFD65C3F1C0F0B3E009C1EEC /* Build configuration list for PBXProject "testdemo" */ = {
			isa = XCConfigurationList;
			buildConfigurations = (
				AFD65C591C0F0B3E009C1EEC /* Debug */,
				AFD65C5A1C0F0B3E009C1EEC /* Release */,
			);
			defaultConfigurationIsVisible = 0;
			defaultConfigurationName = Release;
		};
		AFD65C5B1C0F0B3E009C1EEC /* Build configuration list for PBXNativeTarget "testdemo" */ = {
			isa = XCConfigurationList;
			buildConfigurations = (
				AFD65C5C1C0F0B3E009C1EEC /* Debug */,
				AFD65C5D1C0F0B3E009C1EEC /* Release */,
			);
			defaultConfigurationIsVisible = 0;
			defaultConfigurationName = Release;
		};
/* End XCConfigurationList section */
	};
	rootObject = AFD65C3C1C0F0B3E009C1EEC /* Project object */;
}
